// !$*UTF8*$!
{
	archiveVersion = 1;
	classes = {
	};
	objectVersion = 50;
	objects = {

/* Begin PBXBuildFile section */
		1FD091C4DE83A0D0413EE57C /* Pods_Sup_Sup.framework in Frameworks */ = {isa = PBXBuildFile; fileRef = 2387B0775BAD6590511234CB /* Pods_Sup_Sup.framework */; };
		D93D193F2189978800B8959A /* DateHeaderLabel.swift in Sources */ = {isa = PBXBuildFile; fileRef = D93D193E2189978800B8959A /* DateHeaderLabel.swift */; };
		D93D1941218997D600B8959A /* ChatMessage.swift in Sources */ = {isa = PBXBuildFile; fileRef = D93D1940218997D600B8959A /* ChatMessage.swift */; };
		D93D19452189C22000B8959A /* CustomColorsExtention.swift in Sources */ = {isa = PBXBuildFile; fileRef = D93D19442189C22000B8959A /* CustomColorsExtention.swift */; };
		D93D194A218B183D00B8959A /* PrimaryButton.swift in Sources */ = {isa = PBXBuildFile; fileRef = D93D1949218B183D00B8959A /* PrimaryButton.swift */; };
		D93D194D218B4F8A00B8959A /* GoogleService-Info.plist in Resources */ = {isa = PBXBuildFile; fileRef = D93D194C218B4F8A00B8959A /* GoogleService-Info.plist */; };
		D93D194F218B597E00B8959A /* RegisterViewController.swift in Sources */ = {isa = PBXBuildFile; fileRef = D93D194E218B597E00B8959A /* RegisterViewController.swift */; };
		D93D1951218C364800B8959A /* CustomTextField.swift in Sources */ = {isa = PBXBuildFile; fileRef = D93D1950218C364800B8959A /* CustomTextField.swift */; };
		D93D1955218CEEBD00B8959A /* ChatListViewController.swift in Sources */ = {isa = PBXBuildFile; fileRef = D93D1954218CEEBD00B8959A /* ChatListViewController.swift */; };
		D93D1958218DD52F00B8959A /* NewChatViewController.swift in Sources */ = {isa = PBXBuildFile; fileRef = D93D1957218DD52F00B8959A /* NewChatViewController.swift */; };
		D93D195A218DE30900B8959A /* User.swift in Sources */ = {isa = PBXBuildFile; fileRef = D93D1959218DE30900B8959A /* User.swift */; };
		D93D195C218DEB5100B8959A /* UserCell.swift in Sources */ = {isa = PBXBuildFile; fileRef = D93D195B218DEB5100B8959A /* UserCell.swift */; };
		D9923C51217BCBDC00D684F8 /* LoginViewController.swift in Sources */ = {isa = PBXBuildFile; fileRef = D9923C50217BCBDC00D684F8 /* LoginViewController.swift */; };
		D9ADEFE82175391500EF2E2D /* AppDelegate.swift in Sources */ = {isa = PBXBuildFile; fileRef = D9ADEFE72175391500EF2E2D /* AppDelegate.swift */; };
		D9ADEFEA2175391500EF2E2D /* ChatViewController.swift in Sources */ = {isa = PBXBuildFile; fileRef = D9ADEFE92175391500EF2E2D /* ChatViewController.swift */; };
		D9ADEFED2175391500EF2E2D /* Main.storyboard in Resources */ = {isa = PBXBuildFile; fileRef = D9ADEFEB2175391500EF2E2D /* Main.storyboard */; };
		D9ADEFEF2175391600EF2E2D /* Assets.xcassets in Resources */ = {isa = PBXBuildFile; fileRef = D9ADEFEE2175391600EF2E2D /* Assets.xcassets */; };
		D9ADEFF22175391600EF2E2D /* LaunchScreen.storyboard in Resources */ = {isa = PBXBuildFile; fileRef = D9ADEFF02175391600EF2E2D /* LaunchScreen.storyboard */; };
		D9ADEFFA217632FE00EF2E2D /* ChatMessageCell.swift in Sources */ = {isa = PBXBuildFile; fileRef = D9ADEFF9217632FE00EF2E2D /* ChatMessageCell.swift */; };
		D9C3F6FA2191A216009049D5 /* ImageCacheExtension.swift in Sources */ = {isa = PBXBuildFile; fileRef = D9C3F6F92191A216009049D5 /* ImageCacheExtension.swift */; };
/* End PBXBuildFile section */

/* Begin PBXFileReference section */
		0248F7694D3A3E53177D89FC /* Pods-Sup-Sup.release.xcconfig */ = {isa = PBXFileReference; includeInIndex = 1; lastKnownFileType = text.xcconfig; name = "Pods-Sup-Sup.release.xcconfig"; path = "Pods/Target Support Files/Pods-Sup-Sup/Pods-Sup-Sup.release.xcconfig"; sourceTree = "<group>"; };
		2387B0775BAD6590511234CB /* Pods_Sup_Sup.framework */ = {isa = PBXFileReference; explicitFileType = wrapper.framework; includeInIndex = 0; path = Pods_Sup_Sup.framework; sourceTree = BUILT_PRODUCTS_DIR; };
		A9A2FD04D31E68422C89C3C3 /* Pods-Sup-Sup.debug.xcconfig */ = {isa = PBXFileReference; includeInIndex = 1; lastKnownFileType = text.xcconfig; name = "Pods-Sup-Sup.debug.xcconfig"; path = "Pods/Target Support Files/Pods-Sup-Sup/Pods-Sup-Sup.debug.xcconfig"; sourceTree = "<group>"; };
		D93D193E2189978800B8959A /* DateHeaderLabel.swift */ = {isa = PBXFileReference; lastKnownFileType = sourcecode.swift; path = DateHeaderLabel.swift; sourceTree = "<group>"; };
		D93D1940218997D600B8959A /* ChatMessage.swift */ = {isa = PBXFileReference; lastKnownFileType = sourcecode.swift; path = ChatMessage.swift; sourceTree = "<group>"; };
		D93D19442189C22000B8959A /* CustomColorsExtention.swift */ = {isa = PBXFileReference; lastKnownFileType = sourcecode.swift; path = CustomColorsExtention.swift; sourceTree = "<group>"; };
		D93D1949218B183D00B8959A /* PrimaryButton.swift */ = {isa = PBXFileReference; lastKnownFileType = sourcecode.swift; path = PrimaryButton.swift; sourceTree = "<group>"; };
		D93D194C218B4F8A00B8959A /* GoogleService-Info.plist */ = {isa = PBXFileReference; fileEncoding = 4; lastKnownFileType = text.plist.xml; path = "GoogleService-Info.plist"; sourceTree = "<group>"; };
		D93D194E218B597E00B8959A /* RegisterViewController.swift */ = {isa = PBXFileReference; lastKnownFileType = sourcecode.swift; path = RegisterViewController.swift; sourceTree = "<group>"; };
		D93D1950218C364800B8959A /* CustomTextField.swift */ = {isa = PBXFileReference; lastKnownFileType = sourcecode.swift; path = CustomTextField.swift; sourceTree = "<group>"; };
		D93D1954218CEEBD00B8959A /* ChatListViewController.swift */ = {isa = PBXFileReference; lastKnownFileType = sourcecode.swift; path = ChatListViewController.swift; sourceTree = "<group>"; };
		D93D1957218DD52F00B8959A /* NewChatViewController.swift */ = {isa = PBXFileReference; lastKnownFileType = sourcecode.swift; path = NewChatViewController.swift; sourceTree = "<group>"; };
		D93D1959218DE30900B8959A /* User.swift */ = {isa = PBXFileReference; lastKnownFileType = sourcecode.swift; path = User.swift; sourceTree = "<group>"; };
		D93D195B218DEB5100B8959A /* UserCell.swift */ = {isa = PBXFileReference; lastKnownFileType = sourcecode.swift; path = UserCell.swift; sourceTree = "<group>"; };
		D9923C50217BCBDC00D684F8 /* LoginViewController.swift */ = {isa = PBXFileReference; lastKnownFileType = sourcecode.swift; path = LoginViewController.swift; sourceTree = "<group>"; };
		D9ADEFE42175391500EF2E2D /* Sup-Sup.app */ = {isa = PBXFileReference; explicitFileType = wrapper.application; includeInIndex = 0; path = "Sup-Sup.app"; sourceTree = BUILT_PRODUCTS_DIR; };
		D9ADEFE72175391500EF2E2D /* AppDelegate.swift */ = {isa = PBXFileReference; lastKnownFileType = sourcecode.swift; path = AppDelegate.swift; sourceTree = "<group>"; };
		D9ADEFE92175391500EF2E2D /* ChatViewController.swift */ = {isa = PBXFileReference; lastKnownFileType = sourcecode.swift; path = ChatViewController.swift; sourceTree = "<group>"; };
		D9ADEFEC2175391500EF2E2D /* Base */ = {isa = PBXFileReference; lastKnownFileType = file.storyboard; name = Base; path = Base.lproj/Main.storyboard; sourceTree = "<group>"; };
		D9ADEFEE2175391600EF2E2D /* Assets.xcassets */ = {isa = PBXFileReference; lastKnownFileType = folder.assetcatalog; path = Assets.xcassets; sourceTree = "<group>"; };
		D9ADEFF12175391600EF2E2D /* Base */ = {isa = PBXFileReference; lastKnownFileType = file.storyboard; name = Base; path = Base.lproj/LaunchScreen.storyboard; sourceTree = "<group>"; };
		D9ADEFF32175391600EF2E2D /* Info.plist */ = {isa = PBXFileReference; lastKnownFileType = text.plist.xml; path = Info.plist; sourceTree = "<group>"; };
		D9ADEFF9217632FE00EF2E2D /* ChatMessageCell.swift */ = {isa = PBXFileReference; lastKnownFileType = sourcecode.swift; path = ChatMessageCell.swift; sourceTree = "<group>"; };
		D9C3F6F92191A216009049D5 /* ImageCacheExtension.swift */ = {isa = PBXFileReference; lastKnownFileType = sourcecode.swift; path = ImageCacheExtension.swift; sourceTree = "<group>"; };
/* End PBXFileReference section */

/* Begin PBXFrameworksBuildPhase section */
		D9ADEFE12175391500EF2E2D /* Frameworks */ = {
			isa = PBXFrameworksBuildPhase;
			buildActionMask = 2147483647;
			files = (
				1FD091C4DE83A0D0413EE57C /* Pods_Sup_Sup.framework in Frameworks */,
			);
			runOnlyForDeploymentPostprocessing = 0;
		};
/* End PBXFrameworksBuildPhase section */

/* Begin PBXGroup section */
		1F0242F61AB5610C53141383 /* Frameworks */ = {
			isa = PBXGroup;
			children = (
				2387B0775BAD6590511234CB /* Pods_Sup_Sup.framework */,
			);
			name = Frameworks;
			sourceTree = "<group>";
		};
		B250E21F39AE6051A7A08AA2 /* Pods */ = {
			isa = PBXGroup;
			children = (
				A9A2FD04D31E68422C89C3C3 /* Pods-Sup-Sup.debug.xcconfig */,
				0248F7694D3A3E53177D89FC /* Pods-Sup-Sup.release.xcconfig */,
			);
			name = Pods;
			sourceTree = "<group>";
		};
		D93D193A218996B000B8959A /* Model */ = {
			isa = PBXGroup;
			children = (
				D93D1940218997D600B8959A /* ChatMessage.swift */,
				D93D1959218DE30900B8959A /* User.swift */,
			);
			path = Model;
			sourceTree = "<group>";
		};
		D93D193B218996BE00B8959A /* View */ = {
			isa = PBXGroup;
			children = (
				D93D195B218DEB5100B8959A /* UserCell.swift */,
				D9ADEFF9217632FE00EF2E2D /* ChatMessageCell.swift */,
				D93D193E2189978800B8959A /* DateHeaderLabel.swift */,
				D9ADEFF02175391600EF2E2D /* LaunchScreen.storyboard */,
				D9ADEFEB2175391500EF2E2D /* Main.storyboard */,
			);
			path = View;
			sourceTree = "<group>";
		};
		D93D193C218996C500B8959A /* Controller */ = {
			isa = PBXGroup;
			children = (
				D93D1948218B17EF00B8959A /* Login & Register */,
				D93D1956218DD4F300B8959A /* ChatList */,
				D93D193D2189970400B8959A /* Chat Log */,
			);
			path = Controller;
			sourceTree = "<group>";
		};
		D93D193D2189970400B8959A /* Chat Log */ = {
			isa = PBXGroup;
			children = (
				D9ADEFE92175391500EF2E2D /* ChatViewController.swift */,
			);
			path = "Chat Log";
			sourceTree = "<group>";
		};
		D93D1948218B17EF00B8959A /* Login & Register */ = {
			isa = PBXGroup;
			children = (
				D9923C50217BCBDC00D684F8 /* LoginViewController.swift */,
				D93D194E218B597E00B8959A /* RegisterViewController.swift */,
			);
			path = "Login & Register";
			sourceTree = "<group>";
		};
		D93D194B218B199C00B8959A /* CommonFiles */ = {
			isa = PBXGroup;
			children = (
				D93D1949218B183D00B8959A /* PrimaryButton.swift */,
				D93D1950218C364800B8959A /* CustomTextField.swift */,
			);
			path = CommonFiles;
			sourceTree = "<group>";
		};
		D93D1956218DD4F300B8959A /* ChatList */ = {
			isa = PBXGroup;
			children = (
				D93D1954218CEEBD00B8959A /* ChatListViewController.swift */,
				D93D1957218DD52F00B8959A /* NewChatViewController.swift */,
			);
			path = ChatList;
			sourceTree = "<group>";
		};
		D9ADEFDB2175391500EF2E2D = {
			isa = PBXGroup;
			children = (
				D9ADEFE62175391500EF2E2D /* Sup-Sup */,
				D9ADEFE52175391500EF2E2D /* Products */,
				B250E21F39AE6051A7A08AA2 /* Pods */,
				1F0242F61AB5610C53141383 /* Frameworks */,
			);
			sourceTree = "<group>";
		};
		D9ADEFE52175391500EF2E2D /* Products */ = {
			isa = PBXGroup;
			children = (
				D9ADEFE42175391500EF2E2D /* Sup-Sup.app */,
			);
			name = Products;
			sourceTree = "<group>";
		};
		D9ADEFE62175391500EF2E2D /* Sup-Sup */ = {
			isa = PBXGroup;
			children = (
				D9ADEFE72175391500EF2E2D /* AppDelegate.swift */,
				D93D193A218996B000B8959A /* Model */,
				D93D193B218996BE00B8959A /* View */,
				D93D193C218996C500B8959A /* Controller */,
				D93D194B218B199C00B8959A /* CommonFiles */,
				D9C3F6F82191A1FB009049D5 /* Helpers */,
				D9ADEFEE2175391600EF2E2D /* Assets.xcassets */,
				D9ADEFF32175391600EF2E2D /* Info.plist */,
				D93D194C218B4F8A00B8959A /* GoogleService-Info.plist */,
			);
			path = "Sup-Sup";
			sourceTree = "<group>";
		};
		D9C3F6F82191A1FB009049D5 /* Helpers */ = {
			isa = PBXGroup;
			children = (
				D93D19442189C22000B8959A /* CustomColorsExtention.swift */,
				D9C3F6F92191A216009049D5 /* ImageCacheExtension.swift */,
			);
			path = Helpers;
			sourceTree = "<group>";
		};
/* End PBXGroup section */

/* Begin PBXNativeTarget section */
		D9ADEFE32175391500EF2E2D /* Sup-Sup */ = {
			isa = PBXNativeTarget;
			buildConfigurationList = D9ADEFF62175391600EF2E2D /* Build configuration list for PBXNativeTarget "Sup-Sup" */;
			buildPhases = (
				F510A15040698CABD3E974D2 /* [CP] Check Pods Manifest.lock */,
				D9ADEFE02175391500EF2E2D /* Sources */,
				D9ADEFE12175391500EF2E2D /* Frameworks */,
				D9ADEFE22175391500EF2E2D /* Resources */,
				9DAD4651C0B67CD4EFD9C5A0 /* [CP] Embed Pods Frameworks */,
			);
			buildRules = (
			);
			dependencies = (
			);
			name = "Sup-Sup";
			productName = "Sup-Sup";
			productReference = D9ADEFE42175391500EF2E2D /* Sup-Sup.app */;
			productType = "com.apple.product-type.application";
		};
/* End PBXNativeTarget section */

/* Begin PBXProject section */
		D9ADEFDC2175391500EF2E2D /* Project object */ = {
			isa = PBXProject;
			attributes = {
				LastSwiftUpdateCheck = 1000;
				LastUpgradeCheck = 1000;
				ORGANIZATIONNAME = "Dima Miro";
				TargetAttributes = {
					D9ADEFE32175391500EF2E2D = {
						CreatedOnToolsVersion = 10.0;
					};
				};
			};
			buildConfigurationList = D9ADEFDF2175391500EF2E2D /* Build configuration list for PBXProject "Sup-Sup" */;
			compatibilityVersion = "Xcode 9.3";
			developmentRegion = en;
			hasScannedForEncodings = 0;
			knownRegions = (
				en,
				Base,
			);
			mainGroup = D9ADEFDB2175391500EF2E2D;
			productRefGroup = D9ADEFE52175391500EF2E2D /* Products */;
			projectDirPath = "";
			projectRoot = "";
			targets = (
				D9ADEFE32175391500EF2E2D /* Sup-Sup */,
			);
		};
/* End PBXProject section */

/* Begin PBXResourcesBuildPhase section */
		D9ADEFE22175391500EF2E2D /* Resources */ = {
			isa = PBXResourcesBuildPhase;
			buildActionMask = 2147483647;
			files = (
				D9ADEFF22175391600EF2E2D /* LaunchScreen.storyboard in Resources */,
				D93D194D218B4F8A00B8959A /* GoogleService-Info.plist in Resources */,
				D9ADEFEF2175391600EF2E2D /* Assets.xcassets in Resources */,
				D9ADEFED2175391500EF2E2D /* Main.storyboard in Resources */,
			);
			runOnlyForDeploymentPostprocessing = 0;
		};
/* End PBXResourcesBuildPhase section */

/* Begin PBXShellScriptBuildPhase section */
		9DAD4651C0B67CD4EFD9C5A0 /* [CP] Embed Pods Frameworks */ = {
			isa = PBXShellScriptBuildPhase;
			buildActionMask = 2147483647;
			files = (
			);
			inputPaths = (
				"${SRCROOT}/Pods/Target Support Files/Pods-Sup-Sup/Pods-Sup-Sup-frameworks.sh",
				"${BUILT_PRODUCTS_DIR}/GTMSessionFetcher/GTMSessionFetcher.framework",
				"${BUILT_PRODUCTS_DIR}/GoogleUtilities/GoogleUtilities.framework",
				"${BUILT_PRODUCTS_DIR}/leveldb-library/leveldb.framework",
				"${BUILT_PRODUCTS_DIR}/nanopb/nanopb.framework",
			);
			name = "[CP] Embed Pods Frameworks";
			outputPaths = (
				"${TARGET_BUILD_DIR}/${FRAMEWORKS_FOLDER_PATH}/GTMSessionFetcher.framework",
				"${TARGET_BUILD_DIR}/${FRAMEWORKS_FOLDER_PATH}/GoogleUtilities.framework",
				"${TARGET_BUILD_DIR}/${FRAMEWORKS_FOLDER_PATH}/leveldb.framework",
				"${TARGET_BUILD_DIR}/${FRAMEWORKS_FOLDER_PATH}/nanopb.framework",
			);
			runOnlyForDeploymentPostprocessing = 0;
			shellPath = /bin/sh;
			shellScript = "\"${SRCROOT}/Pods/Target Support Files/Pods-Sup-Sup/Pods-Sup-Sup-frameworks.sh\"\n";
			showEnvVarsInLog = 0;
		};
		F510A15040698CABD3E974D2 /* [CP] Check Pods Manifest.lock */ = {
			isa = PBXShellScriptBuildPhase;
			buildActionMask = 2147483647;
			files = (
			);
			inputPaths = (
				"${PODS_PODFILE_DIR_PATH}/Podfile.lock",
				"${PODS_ROOT}/Manifest.lock",
			);
			name = "[CP] Check Pods Manifest.lock";
			outputPaths = (
				"$(DERIVED_FILE_DIR)/Pods-Sup-Sup-checkManifestLockResult.txt",
			);
			runOnlyForDeploymentPostprocessing = 0;
			shellPath = /bin/sh;
			shellScript = "diff \"${PODS_PODFILE_DIR_PATH}/Podfile.lock\" \"${PODS_ROOT}/Manifest.lock\" > /dev/null\nif [ $? != 0 ] ; then\n    # print error to STDERR\n    echo \"error: The sandbox is not in sync with the Podfile.lock. Run 'pod install' or update your CocoaPods installation.\" >&2\n    exit 1\nfi\n# This output is used by Xcode 'outputs' to avoid re-running this script phase.\necho \"SUCCESS\" > \"${SCRIPT_OUTPUT_FILE_0}\"\n";
			showEnvVarsInLog = 0;
		};
/* End PBXShellScriptBuildPhase section */

/* Begin PBXSourcesBuildPhase section */
		D9ADEFE02175391500EF2E2D /* Sources */ = {
			isa = PBXSourcesBuildPhase;
			buildActionMask = 2147483647;
			files = (
				D93D195A218DE30900B8959A /* User.swift in Sources */,
				D93D194F218B597E00B8959A /* RegisterViewController.swift in Sources */,
				D93D1941218997D600B8959A /* ChatMessage.swift in Sources */,
				D9923C51217BCBDC00D684F8 /* LoginViewController.swift in Sources */,
				D93D193F2189978800B8959A /* DateHeaderLabel.swift in Sources */,
				D93D1955218CEEBD00B8959A /* ChatListViewController.swift in Sources */,
				D93D195C218DEB5100B8959A /* UserCell.swift in Sources */,
				D93D1951218C364800B8959A /* CustomTextField.swift in Sources */,
				D9ADEFEA2175391500EF2E2D /* ChatViewController.swift in Sources */,
				D93D1958218DD52F00B8959A /* NewChatViewController.swift in Sources */,
				D9C3F6FA2191A216009049D5 /* ImageCacheExtension.swift in Sources */,
				D9ADEFFA217632FE00EF2E2D /* ChatMessageCell.swift in Sources */,
				D93D19452189C22000B8959A /* CustomColorsExtention.swift in Sources */,
				D93D194A218B183D00B8959A /* PrimaryButton.swift in Sources */,
				D9ADEFE82175391500EF2E2D /* AppDelegate.swift in Sources */,
			);
			runOnlyForDeploymentPostprocessing = 0;
		};
/* End PBXSourcesBuildPhase section */

/* Begin PBXVariantGroup section */
		D9ADEFEB2175391500EF2E2D /* Main.storyboard */ = {
			isa = PBXVariantGroup;
			children = (
				D9ADEFEC2175391500EF2E2D /* Base */,
			);
			name = Main.storyboard;
			sourceTree = "<group>";
		};
		D9ADEFF02175391600EF2E2D /* LaunchScreen.storyboard */ = {
			isa = PBXVariantGroup;
			children = (
				D9ADEFF12175391600EF2E2D /* Base */,
			);
			name = LaunchScreen.storyboard;
			sourceTree = "<group>";
		};
/* End PBXVariantGroup section */

/* Begin XCBuildConfiguration section */
		D9ADEFF42175391600EF2E2D /* Debug */ = {
			isa = XCBuildConfiguration;
			buildSettings = {
				ALWAYS_SEARCH_USER_PATHS = NO;
				CLANG_ANALYZER_NONNULL = YES;
				CLANG_ANALYZER_NUMBER_OBJECT_CONVERSION = YES_AGGRESSIVE;
				CLANG_CXX_LANGUAGE_STANDARD = "gnu++14";
				CLANG_CXX_LIBRARY = "libc++";
				CLANG_ENABLE_MODULES = YES;
				CLANG_ENABLE_OBJC_ARC = YES;
				CLANG_ENABLE_OBJC_WEAK = YES;
				CLANG_WARN_BLOCK_CAPTURE_AUTORELEASING = YES;
				CLANG_WARN_BOOL_CONVERSION = YES;
				CLANG_WARN_COMMA = YES;
				CLANG_WARN_CONSTANT_CONVERSION = YES;
				CLANG_WARN_DEPRECATED_OBJC_IMPLEMENTATIONS = YES;
				CLANG_WARN_DIRECT_OBJC_ISA_USAGE = YES_ERROR;
				CLANG_WARN_DOCUMENTATION_COMMENTS = YES;
				CLANG_WARN_EMPTY_BODY = YES;
				CLANG_WARN_ENUM_CONVERSION = YES;
				CLANG_WARN_INFINITE_RECURSION = YES;
				CLANG_WARN_INT_CONVERSION = YES;
				CLANG_WARN_NON_LITERAL_NULL_CONVERSION = YES;
				CLANG_WARN_OBJC_IMPLICIT_RETAIN_SELF = YES;
				CLANG_WARN_OBJC_LITERAL_CONVERSION = YES;
				CLANG_WARN_OBJC_ROOT_CLASS = YES_ERROR;
				CLANG_WARN_RANGE_LOOP_ANALYSIS = YES;
				CLANG_WARN_STRICT_PROTOTYPES = YES;
				CLANG_WARN_SUSPICIOUS_MOVE = YES;
				CLANG_WARN_UNGUARDED_AVAILABILITY = YES_AGGRESSIVE;
				CLANG_WARN_UNREACHABLE_CODE = YES;
				CLANG_WARN__DUPLICATE_METHOD_MATCH = YES;
				CODE_SIGN_IDENTITY = "iPhone Developer";
				COPY_PHASE_STRIP = NO;
				DEBUG_INFORMATION_FORMAT = dwarf;
				ENABLE_STRICT_OBJC_MSGSEND = YES;
				ENABLE_TESTABILITY = YES;
				GCC_C_LANGUAGE_STANDARD = gnu11;
				GCC_DYNAMIC_NO_PIC = NO;
				GCC_NO_COMMON_BLOCKS = YES;
				GCC_OPTIMIZATION_LEVEL = 0;
				GCC_PREPROCESSOR_DEFINITIONS = (
					"DEBUG=1",
					"$(inherited)",
				);
				GCC_WARN_64_TO_32_BIT_CONVERSION = YES;
				GCC_WARN_ABOUT_RETURN_TYPE = YES_ERROR;
				GCC_WARN_UNDECLARED_SELECTOR = YES;
				GCC_WARN_UNINITIALIZED_AUTOS = YES_AGGRESSIVE;
				GCC_WARN_UNUSED_FUNCTION = YES;
				GCC_WARN_UNUSED_VARIABLE = YES;
				IPHONEOS_DEPLOYMENT_TARGET = 12.0;
				MTL_ENABLE_DEBUG_INFO = INCLUDE_SOURCE;
				MTL_FAST_MATH = YES;
				ONLY_ACTIVE_ARCH = YES;
				SDKROOT = iphoneos;
				SWIFT_ACTIVE_COMPILATION_CONDITIONS = DEBUG;
				SWIFT_OPTIMIZATION_LEVEL = "-Onone";
			};
			name = Debug;
		};
		D9ADEFF52175391600EF2E2D /* Release */ = {
			isa = XCBuildConfiguration;
			buildSettings = {
				ALWAYS_SEARCH_USER_PATHS = NO;
				CLANG_ANALYZER_NONNULL = YES;
				CLANG_ANALYZER_NUMBER_OBJECT_CONVERSION = YES_AGGRESSIVE;
				CLANG_CXX_LANGUAGE_STANDARD = "gnu++14";
				CLANG_CXX_LIBRARY = "libc++";
				CLANG_ENABLE_MODULES = YES;
				CLANG_ENABLE_OBJC_ARC = YES;
				CLANG_ENABLE_OBJC_WEAK = YES;
				CLANG_WARN_BLOCK_CAPTURE_AUTORELEASING = YES;
				CLANG_WARN_BOOL_CONVERSION = YES;
				CLANG_WARN_COMMA = YES;
				CLANG_WARN_CONSTANT_CONVERSION = YES;
				CLANG_WARN_DEPRECATED_OBJC_IMPLEMENTATIONS = YES;
				CLANG_WARN_DIRECT_OBJC_ISA_USAGE = YES_ERROR;
				CLANG_WARN_DOCUMENTATION_COMMENTS = YES;
				CLANG_WARN_EMPTY_BODY = YES;
				CLANG_WARN_ENUM_CONVERSION = YES;
				CLANG_WARN_INFINITE_RECURSION = YES;
				CLANG_WARN_INT_CONVERSION = YES;
				CLANG_WARN_NON_LITERAL_NULL_CONVERSION = YES;
				CLANG_WARN_OBJC_IMPLICIT_RETAIN_SELF = YES;
				CLANG_WARN_OBJC_LITERAL_CONVERSION = YES;
				CLANG_WARN_OBJC_ROOT_CLASS = YES_ERROR;
				CLANG_WARN_RANGE_LOOP_ANALYSIS = YES;
				CLANG_WARN_STRICT_PROTOTYPES = YES;
				CLANG_WARN_SUSPICIOUS_MOVE = YES;
				CLANG_WARN_UNGUARDED_AVAILABILITY = YES_AGGRESSIVE;
				CLANG_WARN_UNREACHABLE_CODE = YES;
				CLANG_WARN__DUPLICATE_METHOD_MATCH = YES;
				CODE_SIGN_IDENTITY = "iPhone Developer";
				COPY_PHASE_STRIP = NO;
				DEBUG_INFORMATION_FORMAT = "dwarf-with-dsym";
				ENABLE_NS_ASSERTIONS = NO;
				ENABLE_STRICT_OBJC_MSGSEND = YES;
				GCC_C_LANGUAGE_STANDARD = gnu11;
				GCC_NO_COMMON_BLOCKS = YES;
				GCC_WARN_64_TO_32_BIT_CONVERSION = YES;
				GCC_WARN_ABOUT_RETURN_TYPE = YES_ERROR;
				GCC_WARN_UNDECLARED_SELECTOR = YES;
				GCC_WARN_UNINITIALIZED_AUTOS = YES_AGGRESSIVE;
				GCC_WARN_UNUSED_FUNCTION = YES;
				GCC_WARN_UNUSED_VARIABLE = YES;
				IPHONEOS_DEPLOYMENT_TARGET = 12.0;
				MTL_ENABLE_DEBUG_INFO = NO;
				MTL_FAST_MATH = YES;
				SDKROOT = iphoneos;
				SWIFT_COMPILATION_MODE = wholemodule;
				SWIFT_OPTIMIZATION_LEVEL = "-O";
				VALIDATE_PRODUCT = YES;
			};
			name = Release;
		};
		D9ADEFF72175391600EF2E2D /* Debug */ = {
			isa = XCBuildConfiguration;
			baseConfigurationReference = A9A2FD04D31E68422C89C3C3 /* Pods-Sup-Sup.debug.xcconfig */;
			buildSettings = {
				ASSETCATALOG_COMPILER_APPICON_NAME = AppIcon;
				CODE_SIGN_STYLE = Automatic;
				DEVELOPMENT_TEAM = ZLLL35N9FP;
				INFOPLIST_FILE = "Sup-Sup/Info.plist";
				LD_RUNPATH_SEARCH_PATHS = (
					"$(inherited)",
					"@executable_path/Frameworks",
				);
				PRODUCT_BUNDLE_IDENTIFIER = "com.DimaMiro.Sup-Sup";
				PRODUCT_NAME = "$(TARGET_NAME)";
				SWIFT_VERSION = 4.2;
				TARGETED_DEVICE_FAMILY = "1,2";
			};
			name = Debug;
		};
		D9ADEFF82175391600EF2E2D /* Release */ = {
			isa = XCBuildConfiguration;
			baseConfigurationReference = 0248F7694D3A3E53177D89FC /* Pods-Sup-Sup.release.xcconfig */;
			buildSettings = {
				ASSETCATALOG_COMPILER_APPICON_NAME = AppIcon;
				CODE_SIGN_STYLE = Automatic;
				DEVELOPMENT_TEAM = ZLLL35N9FP;
				INFOPLIST_FILE = "Sup-Sup/Info.plist";
				LD_RUNPATH_SEARCH_PATHS = (
					"$(inherited)",
					"@executable_path/Frameworks",
				);
				PRODUCT_BUNDLE_IDENTIFIER = "com.DimaMiro.Sup-Sup";
				PRODUCT_NAME = "$(TARGET_NAME)";
				SWIFT_VERSION = 4.2;
				TARGETED_DEVICE_FAMILY = "1,2";
			};
			name = Release;
		};
/* End XCBuildConfiguration section */

/* Begin XCConfigurationList section */
		D9ADEFDF2175391500EF2E2D /* Build configuration list for PBXProject "Sup-Sup" */ = {
			isa = XCConfigurationList;
			buildConfigurations = (
				D9ADEFF42175391600EF2E2D /* Debug */,
				D9ADEFF52175391600EF2E2D /* Release */,
			);
			defaultConfigurationIsVisible = 0;
			defaultConfigurationName = Release;
		};
		D9ADEFF62175391600EF2E2D /* Build configuration list for PBXNativeTarget "Sup-Sup" */ = {
			isa = XCConfigurationList;
			buildConfigurations = (
				D9ADEFF72175391600EF2E2D /* Debug */,
				D9ADEFF82175391600EF2E2D /* Release */,
			);
			defaultConfigurationIsVisible = 0;
			defaultConfigurationName = Release;
		};
/* End XCConfigurationList section */
	};
	rootObject = D9ADEFDC2175391500EF2E2D /* Project object */;
}
